
Microsoft Visual Studio Solution File, Format Version 12.00
# Visual Studio Version 17
VisualStudioVersion = 17.4.33213.308
MinimumVisualStudioVersion = 10.0.40219.1
Project("{FAE04EC0-301F-11D3-BF4B-00C04F79EFBC}") = "TwinZMultiChat", "TwinZMultiChat\TwinZMultiChat.csproj", "{D07B1D94-D24B-4AF3-8D12-91E08878A76B}"
EndProject
Global
	GlobalSection(SolutionConfigurationPlatforms) = preSolution
		Debug|Any CPU = Debug|Any CPU
		Release|Any CPU = Release|Any CPU
	EndGlobalSection
	GlobalSection(ProjectConfigurationPlatforms) = postSolution
		{D07B1D94-D24B-4AF3-8D12-91E08878A76B}.Debug|Any CPU.ActiveCfg = Debug|Any CPU
		{D07B1D94-D24B-4AF3-8D12-91E08878A76B}.Debug|Any CPU.Build.0 = Debug|Any CPU
		{D07B1D94-D24B-4AF3-8D12-91E08878A76B}.Release|Any CPU.ActiveCfg = Release|Any CPU
		{D07B1D94-D24B-4AF3-8D12-91E08878A76B}.Release|Any CPU.Build.0 = Release|Any CPU
	EndGlobalSection
	GlobalSection(SolutionProperties) = preSolution
		HideSolutionNode = FALSE
	EndGlobalSection
	GlobalSection(ExtensibilityGlobals) = postSolution
		SolutionGuid = {F517708F-7927-4A37-A66C-32870BE4B75E}
	EndGlobalSection
EndGlobal
